
Microsoft Visual Studio Solution File, Format Version 12.00
# Visual Studio 2012
Project("{F2A71F9B-5D33-465A-A702-920D77279786}") = "NaiveDb", "NaiveDb\NaiveDb.fsproj", "{16F7082D-118D-4383-B9BA-EE851585CA24}"
EndProject
Project("{F2A71F9B-5D33-465A-A702-920D77279786}") = "ndb", "ndb\ndb.fsproj", "{909A0855-68AB-4D36-8B58-83248603C0FE}"
EndProject
Project("{F2A71F9B-5D33-465A-A702-920D77279786}") = "NaiveDb.Tests", "NaiveDb.Tests\NaiveDb.Tests.fsproj", "{0AFDE812-0E24-487E-B29A-C2F2AAE877DE}"
EndProject
Global
	GlobalSection(SolutionConfigurationPlatforms) = preSolution
		Debug|Any CPU = Debug|Any CPU
		Release|Any CPU = Release|Any CPU
	EndGlobalSection
	GlobalSection(ProjectConfigurationPlatforms) = postSolution
		{16F7082D-118D-4383-B9BA-EE851585CA24}.Debug|Any CPU.ActiveCfg = Debug|Any CPU
		{16F7082D-118D-4383-B9BA-EE851585CA24}.Debug|Any CPU.Build.0 = Debug|Any CPU
		{16F7082D-118D-4383-B9BA-EE851585CA24}.Release|Any CPU.ActiveCfg = Release|Any CPU
		{16F7082D-118D-4383-B9BA-EE851585CA24}.Release|Any CPU.Build.0 = Release|Any CPU
		{909A0855-68AB-4D36-8B58-83248603C0FE}.Debug|Any CPU.ActiveCfg = Debug|Any CPU
		{909A0855-68AB-4D36-8B58-83248603C0FE}.Debug|Any CPU.Build.0 = Debug|Any CPU
		{909A0855-68AB-4D36-8B58-83248603C0FE}.Release|Any CPU.ActiveCfg = Release|Any CPU
		{909A0855-68AB-4D36-8B58-83248603C0FE}.Release|Any CPU.Build.0 = Release|Any CPU
		{0AFDE812-0E24-487E-B29A-C2F2AAE877DE}.Debug|Any CPU.ActiveCfg = Debug|Any CPU
		{0AFDE812-0E24-487E-B29A-C2F2AAE877DE}.Debug|Any CPU.Build.0 = Debug|Any CPU
		{0AFDE812-0E24-487E-B29A-C2F2AAE877DE}.Release|Any CPU.ActiveCfg = Release|Any CPU
		{0AFDE812-0E24-487E-B29A-C2F2AAE877DE}.Release|Any CPU.Build.0 = Release|Any CPU
	EndGlobalSection
	GlobalSection(SolutionProperties) = preSolution
		HideSolutionNode = FALSE
	EndGlobalSection
EndGlobal
